// !$*UTF8*$!
{
	archiveVersion = 1;
	classes = {
	};
	objectVersion = 46;
	objects = {

/* Begin PBXBuildFile section */
		03B5484ADF0AA870A84E0682 /* libPods-socket-tcp.a in Frameworks */ = {isa = PBXBuildFile; fileRef = 55B807BFAF9A01EB24C7001C /* libPods-socket-tcp.a */; };
		A059A1981F4A681A00A459B4 /* QtiExamStudentSheet.m in Sources */ = {isa = PBXBuildFile; fileRef = A059A1971F4A681A00A459B4 /* QtiExamStudentSheet.m */; };
		A0E9216A1F4688420094E9F6 /* ServerInfo.m in Sources */ = {isa = PBXBuildFile; fileRef = A0E921691F4688420094E9F6 /* ServerInfo.m */; };
		A0E923CB1F4689680094E9F6 /* FBMutableArray.m in Sources */ = {isa = PBXBuildFile; fileRef = A0E923C51F4689680094E9F6 /* FBMutableArray.m */; };
		A0E923CC1F4689680094E9F6 /* FBMutableData.m in Sources */ = {isa = PBXBuildFile; fileRef = A0E923C71F4689680094E9F6 /* FBMutableData.m */; };
		A0E923CD1F4689680094E9F6 /* FBTable.m in Sources */ = {isa = PBXBuildFile; fileRef = A0E923CA1F4689680094E9F6 /* FBTable.m */; };
		A0E923D01F4689C30094E9F6 /* Err.m in Sources */ = {isa = PBXBuildFile; fileRef = A0E923CF1F4689C30094E9F6 /* Err.m */; };
		A0E923D31F468E230094E9F6 /* NSData+Util.m in Sources */ = {isa = PBXBuildFile; fileRef = A0E923D21F468E230094E9F6 /* NSData+Util.m */; };
		A0E923D61F468EA40094E9F6 /* YMSocketUtils.m in Sources */ = {isa = PBXBuildFile; fileRef = A0E923D51F468EA40094E9F6 /* YMSocketUtils.m */; };
		A0E923D81F4690000094E9F6 /* FBConfig.plist in Resources */ = {isa = PBXBuildFile; fileRef = A0E923D71F4690000094E9F6 /* FBConfig.plist */; };
		A0E923EF1F469C2D0094E9F6 /* MJExtensionConst.m in Sources */ = {isa = PBXBuildFile; fileRef = A0E923DC1F469C2D0094E9F6 /* MJExtensionConst.m */; };
		A0E923F01F469C2D0094E9F6 /* MJFoundation.m in Sources */ = {isa = PBXBuildFile; fileRef = A0E923DE1F469C2D0094E9F6 /* MJFoundation.m */; };
		A0E923F11F469C2E0094E9F6 /* MJProperty.m in Sources */ = {isa = PBXBuildFile; fileRef = A0E923E01F469C2D0094E9F6 /* MJProperty.m */; };
		A0E923F21F469C2E0094E9F6 /* MJPropertyKey.m in Sources */ = {isa = PBXBuildFile; fileRef = A0E923E21F469C2D0094E9F6 /* MJPropertyKey.m */; };
		A0E923F31F469C2E0094E9F6 /* MJPropertyType.m in Sources */ = {isa = PBXBuildFile; fileRef = A0E923E41F469C2D0094E9F6 /* MJPropertyType.m */; };
		A0E923F41F469C2E0094E9F6 /* NSObject+MJClass.m in Sources */ = {isa = PBXBuildFile; fileRef = A0E923E61F469C2D0094E9F6 /* NSObject+MJClass.m */; };
		A0E923F51F469C2E0094E9F6 /* NSObject+MJCoding.m in Sources */ = {isa = PBXBuildFile; fileRef = A0E923E81F469C2D0094E9F6 /* NSObject+MJCoding.m */; };
		A0E923F61F469C2E0094E9F6 /* NSObject+MJKeyValue.m in Sources */ = {isa = PBXBuildFile; fileRef = A0E923EA1F469C2D0094E9F6 /* NSObject+MJKeyValue.m */; };
		A0E923F71F469C2E0094E9F6 /* NSObject+MJProperty.m in Sources */ = {isa = PBXBuildFile; fileRef = A0E923EC1F469C2D0094E9F6 /* NSObject+MJProperty.m */; };
		A0E923F81F469C2E0094E9F6 /* NSString+MJExtension.m in Sources */ = {isa = PBXBuildFile; fileRef = A0E923EE1F469C2D0094E9F6 /* NSString+MJExtension.m */; };
		A0E923FB1F46C9E90094E9F6 /* Login.m in Sources */ = {isa = PBXBuildFile; fileRef = A0E923FA1F46C9E90094E9F6 /* Login.m */; };
		A0E923FE1F46D1840094E9F6 /* QtiExamResultQuestion.m in Sources */ = {isa = PBXBuildFile; fileRef = A0E923FD1F46D1840094E9F6 /* QtiExamResultQuestion.m */; };
		A0ED983D1F456FC900AF8240 /* main.m in Sources */ = {isa = PBXBuildFile; fileRef = A0ED983C1F456FC900AF8240 /* main.m */; };
		A0ED98401F456FC900AF8240 /* AppDelegate.m in Sources */ = {isa = PBXBuildFile; fileRef = A0ED983F1F456FC900AF8240 /* AppDelegate.m */; };
		A0ED98431F456FC900AF8240 /* ViewController.m in Sources */ = {isa = PBXBuildFile; fileRef = A0ED98421F456FC900AF8240 /* ViewController.m */; };
		A0ED98461F456FC900AF8240 /* Main.storyboard in Resources */ = {isa = PBXBuildFile; fileRef = A0ED98441F456FC900AF8240 /* Main.storyboard */; };
		A0ED98481F456FC900AF8240 /* Assets.xcassets in Resources */ = {isa = PBXBuildFile; fileRef = A0ED98471F456FC900AF8240 /* Assets.xcassets */; };
		A0ED984B1F456FC900AF8240 /* LaunchScreen.storyboard in Resources */ = {isa = PBXBuildFile; fileRef = A0ED98491F456FC900AF8240 /* LaunchScreen.storyboard */; };
		A0ED98561F456FC900AF8240 /* socket_tcpTests.m in Sources */ = {isa = PBXBuildFile; fileRef = A0ED98551F456FC900AF8240 /* socket_tcpTests.m */; };
		A0ED98611F456FC900AF8240 /* socket_tcpUITests.m in Sources */ = {isa = PBXBuildFile; fileRef = A0ED98601F456FC900AF8240 /* socket_tcpUITests.m */; };
		A0F6F82D1F7DD4D00073E86F /* QtiExamList.m in Sources */ = {isa = PBXBuildFile; fileRef = A0F6F82B1F7DD4CF0073E86F /* QtiExamList.m */; };
/* End PBXBuildFile section */

/* Begin PBXContainerItemProxy section */
		A0ED98521F456FC900AF8240 /* PBXContainerItemProxy */ = {
			isa = PBXContainerItemProxy;
			containerPortal = A0ED98301F456FC900AF8240 /* Project object */;
			proxyType = 1;
			remoteGlobalIDString = A0ED98371F456FC900AF8240;
			remoteInfo = "socket-tcp";
		};
		A0ED985D1F456FC900AF8240 /* PBXContainerItemProxy */ = {
			isa = PBXContainerItemProxy;
			containerPortal = A0ED98301F456FC900AF8240 /* Project object */;
			proxyType = 1;
			remoteGlobalIDString = A0ED98371F456FC900AF8240;
			remoteInfo = "socket-tcp";
		};
/* End PBXContainerItemProxy section */

/* Begin PBXFileReference section */
		252D7FDB170887C8911E9E14 /* Pods-socket-tcp.release.xcconfig */ = {isa = PBXFileReference; includeInIndex = 1; lastKnownFileType = text.xcconfig; name = "Pods-socket-tcp.release.xcconfig"; path = "Pods/Target Support Files/Pods-socket-tcp/Pods-socket-tcp.release.xcconfig"; sourceTree = "<group>"; };
		55B807BFAF9A01EB24C7001C /* libPods-socket-tcp.a */ = {isa = PBXFileReference; explicitFileType = archive.ar; includeInIndex = 0; path = "libPods-socket-tcp.a"; sourceTree = BUILT_PRODUCTS_DIR; };
		933AACDAFBB7A45073145201 /* Pods-socket-tcp.debug.xcconfig */ = {isa = PBXFileReference; includeInIndex = 1; lastKnownFileType = text.xcconfig; name = "Pods-socket-tcp.debug.xcconfig"; path = "Pods/Target Support Files/Pods-socket-tcp/Pods-socket-tcp.debug.xcconfig"; sourceTree = "<group>"; };
		A059A1961F4A681A00A459B4 /* QtiExamStudentSheet.h */ = {isa = PBXFileReference; fileEncoding = 4; lastKnownFileType = sourcecode.c.h; path = QtiExamStudentSheet.h; sourceTree = "<group>"; };
		A059A1971F4A681A00A459B4 /* QtiExamStudentSheet.m */ = {isa = PBXFileReference; fileEncoding = 4; lastKnownFileType = sourcecode.c.objc; path = QtiExamStudentSheet.m; sourceTree = "<group>"; };
		A0E921681F4688420094E9F6 /* ServerInfo.h */ = {isa = PBXFileReference; fileEncoding = 4; lastKnownFileType = sourcecode.c.h; path = ServerInfo.h; sourceTree = "<group>"; };
		A0E921691F4688420094E9F6 /* ServerInfo.m */ = {isa = PBXFileReference; fileEncoding = 4; lastKnownFileType = sourcecode.c.objc; path = ServerInfo.m; sourceTree = "<group>"; };
		A0E923C31F4689680094E9F6 /* FBConstants.h */ = {isa = PBXFileReference; fileEncoding = 4; lastKnownFileType = sourcecode.c.h; path = FBConstants.h; sourceTree = "<group>"; };
		A0E923C41F4689680094E9F6 /* FBMutableArray.h */ = {isa = PBXFileReference; fileEncoding = 4; lastKnownFileType = sourcecode.c.h; path = FBMutableArray.h; sourceTree = "<group>"; };
		A0E923C51F4689680094E9F6 /* FBMutableArray.m */ = {isa = PBXFileReference; fileEncoding = 4; lastKnownFileType = sourcecode.c.objc; path = FBMutableArray.m; sourceTree = "<group>"; };
		A0E923C61F4689680094E9F6 /* FBMutableData.h */ = {isa = PBXFileReference; fileEncoding = 4; lastKnownFileType = sourcecode.c.h; path = FBMutableData.h; sourceTree = "<group>"; };
		A0E923C71F4689680094E9F6 /* FBMutableData.m */ = {isa = PBXFileReference; fileEncoding = 4; lastKnownFileType = sourcecode.c.objc; path = FBMutableData.m; sourceTree = "<group>"; };
		A0E923C81F4689680094E9F6 /* FBObjC.pch */ = {isa = PBXFileReference; fileEncoding = 4; lastKnownFileType = sourcecode.c.h; path = FBObjC.pch; sourceTree = "<group>"; };
		A0E923C91F4689680094E9F6 /* FBTable.h */ = {isa = PBXFileReference; fileEncoding = 4; lastKnownFileType = sourcecode.c.h; path = FBTable.h; sourceTree = "<group>"; };
		A0E923CA1F4689680094E9F6 /* FBTable.m */ = {isa = PBXFileReference; fileEncoding = 4; lastKnownFileType = sourcecode.c.objc; path = FBTable.m; sourceTree = "<group>"; };
		A0E923CE1F4689C30094E9F6 /* Err.h */ = {isa = PBXFileReference; fileEncoding = 4; lastKnownFileType = sourcecode.c.h; path = Err.h; sourceTree = "<group>"; };
		A0E923CF1F4689C30094E9F6 /* Err.m */ = {isa = PBXFileReference; fileEncoding = 4; lastKnownFileType = sourcecode.c.objc; path = Err.m; sourceTree = "<group>"; };
		A0E923D11F468E230094E9F6 /* NSData+Util.h */ = {isa = PBXFileReference; fileEncoding = 4; lastKnownFileType = sourcecode.c.h; path = "NSData+Util.h"; sourceTree = "<group>"; };
		A0E923D21F468E230094E9F6 /* NSData+Util.m */ = {isa = PBXFileReference; fileEncoding = 4; lastKnownFileType = sourcecode.c.objc; path = "NSData+Util.m"; sourceTree = "<group>"; };
		A0E923D41F468EA40094E9F6 /* YMSocketUtils.h */ = {isa = PBXFileReference; fileEncoding = 4; lastKnownFileType = sourcecode.c.h; path = YMSocketUtils.h; sourceTree = "<group>"; };
		A0E923D51F468EA40094E9F6 /* YMSocketUtils.m */ = {isa = PBXFileReference; fileEncoding = 4; lastKnownFileType = sourcecode.c.objc; path = YMSocketUtils.m; sourceTree = "<group>"; };
		A0E923D71F4690000094E9F6 /* FBConfig.plist */ = {isa = PBXFileReference; fileEncoding = 4; lastKnownFileType = text.plist.xml; path = FBConfig.plist; sourceTree = "<group>"; };
		A0E923DA1F469C2D0094E9F6 /* MJExtension.h */ = {isa = PBXFileReference; fileEncoding = 4; lastKnownFileType = sourcecode.c.h; path = MJExtension.h; sourceTree = "<group>"; };
		A0E923DB1F469C2D0094E9F6 /* MJExtensionConst.h */ = {isa = PBXFileReference; fileEncoding = 4; lastKnownFileType = sourcecode.c.h; path = MJExtensionConst.h; sourceTree = "<group>"; };
		A0E923DC1F469C2D0094E9F6 /* MJExtensionConst.m */ = {isa = PBXFileReference; fileEncoding = 4; lastKnownFileType = sourcecode.c.objc; path = MJExtensionConst.m; sourceTree = "<group>"; };
		A0E923DD1F469C2D0094E9F6 /* MJFoundation.h */ = {isa = PBXFileReference; fileEncoding = 4; lastKnownFileType = sourcecode.c.h; path = MJFoundation.h; sourceTree = "<group>"; };
		A0E923DE1F469C2D0094E9F6 /* MJFoundation.m */ = {isa = PBXFileReference; fileEncoding = 4; lastKnownFileType = sourcecode.c.objc; path = MJFoundation.m; sourceTree = "<group>"; };
		A0E923DF1F469C2D0094E9F6 /* MJProperty.h */ = {isa = PBXFileReference; fileEncoding = 4; lastKnownFileType = sourcecode.c.h; path = MJProperty.h; sourceTree = "<group>"; };
		A0E923E01F469C2D0094E9F6 /* MJProperty.m */ = {isa = PBXFileReference; fileEncoding = 4; lastKnownFileType = sourcecode.c.objc; path = MJProperty.m; sourceTree = "<group>"; };
		A0E923E11F469C2D0094E9F6 /* MJPropertyKey.h */ = {isa = PBXFileReference; fileEncoding = 4; lastKnownFileType = sourcecode.c.h; path = MJPropertyKey.h; sourceTree = "<group>"; };
		A0E923E21F469C2D0094E9F6 /* MJPropertyKey.m */ = {isa = PBXFileReference; fileEncoding = 4; lastKnownFileType = sourcecode.c.objc; path = MJPropertyKey.m; sourceTree = "<group>"; };
		A0E923E31F469C2D0094E9F6 /* MJPropertyType.h */ = {isa = PBXFileReference; fileEncoding = 4; lastKnownFileType = sourcecode.c.h; path = MJPropertyType.h; sourceTree = "<group>"; };
		A0E923E41F469C2D0094E9F6 /* MJPropertyType.m */ = {isa = PBXFileReference; fileEncoding = 4; lastKnownFileType = sourcecode.c.objc; path = MJPropertyType.m; sourceTree = "<group>"; };
		A0E923E51F469C2D0094E9F6 /* NSObject+MJClass.h */ = {isa = PBXFileReference; fileEncoding = 4; lastKnownFileType = sourcecode.c.h; path = "NSObject+MJClass.h"; sourceTree = "<group>"; };
		A0E923E61F469C2D0094E9F6 /* NSObject+MJClass.m */ = {isa = PBXFileReference; fileEncoding = 4; lastKnownFileType = sourcecode.c.objc; path = "NSObject+MJClass.m"; sourceTree = "<group>"; };
		A0E923E71F469C2D0094E9F6 /* NSObject+MJCoding.h */ = {isa = PBXFileReference; fileEncoding = 4; lastKnownFileType = sourcecode.c.h; path = "NSObject+MJCoding.h"; sourceTree = "<group>"; };
		A0E923E81F469C2D0094E9F6 /* NSObject+MJCoding.m */ = {isa = PBXFileReference; fileEncoding = 4; lastKnownFileType = sourcecode.c.objc; path = "NSObject+MJCoding.m"; sourceTree = "<group>"; };
		A0E923E91F469C2D0094E9F6 /* NSObject+MJKeyValue.h */ = {isa = PBXFileReference; fileEncoding = 4; lastKnownFileType = sourcecode.c.h; path = "NSObject+MJKeyValue.h"; sourceTree = "<group>"; };
		A0E923EA1F469C2D0094E9F6 /* NSObject+MJKeyValue.m */ = {isa = PBXFileReference; fileEncoding = 4; lastKnownFileType = sourcecode.c.objc; path = "NSObject+MJKeyValue.m"; sourceTree = "<group>"; };
		A0E923EB1F469C2D0094E9F6 /* NSObject+MJProperty.h */ = {isa = PBXFileReference; fileEncoding = 4; lastKnownFileType = sourcecode.c.h; path = "NSObject+MJProperty.h"; sourceTree = "<group>"; };
		A0E923EC1F469C2D0094E9F6 /* NSObject+MJProperty.m */ = {isa = PBXFileReference; fileEncoding = 4; lastKnownFileType = sourcecode.c.objc; path = "NSObject+MJProperty.m"; sourceTree = "<group>"; };
		A0E923ED1F469C2D0094E9F6 /* NSString+MJExtension.h */ = {isa = PBXFileReference; fileEncoding = 4; lastKnownFileType = sourcecode.c.h; path = "NSString+MJExtension.h"; sourceTree = "<group>"; };
		A0E923EE1F469C2D0094E9F6 /* NSString+MJExtension.m */ = {isa = PBXFileReference; fileEncoding = 4; lastKnownFileType = sourcecode.c.objc; path = "NSString+MJExtension.m"; sourceTree = "<group>"; };
		A0E923F91F46C9E90094E9F6 /* Login.h */ = {isa = PBXFileReference; fileEncoding = 4; lastKnownFileType = sourcecode.c.h; path = Login.h; sourceTree = "<group>"; };
		A0E923FA1F46C9E90094E9F6 /* Login.m */ = {isa = PBXFileReference; fileEncoding = 4; lastKnownFileType = sourcecode.c.objc; path = Login.m; sourceTree = "<group>"; };
		A0E923FC1F46D1840094E9F6 /* QtiExamResultQuestion.h */ = {isa = PBXFileReference; fileEncoding = 4; lastKnownFileType = sourcecode.c.h; path = QtiExamResultQuestion.h; sourceTree = "<group>"; };
		A0E923FD1F46D1840094E9F6 /* QtiExamResultQuestion.m */ = {isa = PBXFileReference; fileEncoding = 4; lastKnownFileType = sourcecode.c.objc; path = QtiExamResultQuestion.m; sourceTree = "<group>"; };
		A0ED98381F456FC900AF8240 /* socket-tcp.app */ = {isa = PBXFileReference; explicitFileType = wrapper.application; includeInIndex = 0; path = "socket-tcp.app"; sourceTree = BUILT_PRODUCTS_DIR; };
		A0ED983C1F456FC900AF8240 /* main.m */ = {isa = PBXFileReference; lastKnownFileType = sourcecode.c.objc; path = main.m; sourceTree = "<group>"; };
		A0ED983E1F456FC900AF8240 /* AppDelegate.h */ = {isa = PBXFileReference; lastKnownFileType = sourcecode.c.h; path = AppDelegate.h; sourceTree = "<group>"; };
		A0ED983F1F456FC900AF8240 /* AppDelegate.m */ = {isa = PBXFileReference; lastKnownFileType = sourcecode.c.objc; path = AppDelegate.m; sourceTree = "<group>"; };
		A0ED98411F456FC900AF8240 /* ViewController.h */ = {isa = PBXFileReference; lastKnownFileType = sourcecode.c.h; path = ViewController.h; sourceTree = "<group>"; };
		A0ED98421F456FC900AF8240 /* ViewController.m */ = {isa = PBXFileReference; lastKnownFileType = sourcecode.c.objc; path = ViewController.m; sourceTree = "<group>"; };
		A0ED98451F456FC900AF8240 /* Base */ = {isa = PBXFileReference; lastKnownFileType = file.storyboard; name = Base; path = Base.lproj/Main.storyboard; sourceTree = "<group>"; };
		A0ED98471F456FC900AF8240 /* Assets.xcassets */ = {isa = PBXFileReference; lastKnownFileType = folder.assetcatalog; path = Assets.xcassets; sourceTree = "<group>"; };
		A0ED984A1F456FC900AF8240 /* Base */ = {isa = PBXFileReference; lastKnownFileType = file.storyboard; name = Base; path = Base.lproj/LaunchScreen.storyboard; sourceTree = "<group>"; };
		A0ED984C1F456FC900AF8240 /* Info.plist */ = {isa = PBXFileReference; lastKnownFileType = text.plist.xml; path = Info.plist; sourceTree = "<group>"; };
		A0ED98511F456FC900AF8240 /* socket-tcpTests.xctest */ = {isa = PBXFileReference; explicitFileType = wrapper.cfbundle; includeInIndex = 0; path = "socket-tcpTests.xctest"; sourceTree = BUILT_PRODUCTS_DIR; };
		A0ED98551F456FC900AF8240 /* socket_tcpTests.m */ = {isa = PBXFileReference; lastKnownFileType = sourcecode.c.objc; path = socket_tcpTests.m; sourceTree = "<group>"; };
		A0ED98571F456FC900AF8240 /* Info.plist */ = {isa = PBXFileReference; lastKnownFileType = text.plist.xml; path = Info.plist; sourceTree = "<group>"; };
		A0ED985C1F456FC900AF8240 /* socket-tcpUITests.xctest */ = {isa = PBXFileReference; explicitFileType = wrapper.cfbundle; includeInIndex = 0; path = "socket-tcpUITests.xctest"; sourceTree = BUILT_PRODUCTS_DIR; };
		A0ED98601F456FC900AF8240 /* socket_tcpUITests.m */ = {isa = PBXFileReference; lastKnownFileType = sourcecode.c.objc; path = socket_tcpUITests.m; sourceTree = "<group>"; };
		A0ED98621F456FC900AF8240 /* Info.plist */ = {isa = PBXFileReference; lastKnownFileType = text.plist.xml; path = Info.plist; sourceTree = "<group>"; };
		A0F6F82B1F7DD4CF0073E86F /* QtiExamList.m */ = {isa = PBXFileReference; lastKnownFileType = sourcecode.c.objc; path = QtiExamList.m; sourceTree = "<group>"; };
		A0F6F82C1F7DD4CF0073E86F /* QtiExamList.h */ = {isa = PBXFileReference; lastKnownFileType = sourcecode.c.h; path = QtiExamList.h; sourceTree = "<group>"; };
/* End PBXFileReference section */

/* Begin PBXFrameworksBuildPhase section */
		A0ED98351F456FC900AF8240 /* Frameworks */ = {
			isa = PBXFrameworksBuildPhase;
			buildActionMask = 2147483647;
			files = (
				03B5484ADF0AA870A84E0682 /* libPods-socket-tcp.a in Frameworks */,
			);
			runOnlyForDeploymentPostprocessing = 0;
		};
		A0ED984E1F456FC900AF8240 /* Frameworks */ = {
			isa = PBXFrameworksBuildPhase;
			buildActionMask = 2147483647;
			files = (
			);
			runOnlyForDeploymentPostprocessing = 0;
		};
		A0ED98591F456FC900AF8240 /* Frameworks */ = {
			isa = PBXFrameworksBuildPhase;
			buildActionMask = 2147483647;
			files = (
			);
			runOnlyForDeploymentPostprocessing = 0;
		};
/* End PBXFrameworksBuildPhase section */

/* Begin PBXGroup section */
		1E8178AB3F9BE790EAF4DA7C /* Frameworks */ = {
			isa = PBXGroup;
			children = (
				55B807BFAF9A01EB24C7001C /* libPods-socket-tcp.a */,
			);
			name = Frameworks;
			sourceTree = "<group>";
		};
		A0E923C21F4689680094E9F6 /* FlatBuffers-ObjC */ = {
			isa = PBXGroup;
			children = (
				A0E923C31F4689680094E9F6 /* FBConstants.h */,
				A0E923C41F4689680094E9F6 /* FBMutableArray.h */,
				A0E923C51F4689680094E9F6 /* FBMutableArray.m */,
				A0E923C61F4689680094E9F6 /* FBMutableData.h */,
				A0E923C71F4689680094E9F6 /* FBMutableData.m */,
				A0E923C81F4689680094E9F6 /* FBObjC.pch */,
				A0E923C91F4689680094E9F6 /* FBTable.h */,
				A0E923CA1F4689680094E9F6 /* FBTable.m */,
				A0E923D41F468EA40094E9F6 /* YMSocketUtils.h */,
				A0E923D51F468EA40094E9F6 /* YMSocketUtils.m */,
			);
			path = "FlatBuffers-ObjC";
			sourceTree = "<group>";
		};
		A0E923D91F469C2D0094E9F6 /* MJExtension */ = {
			isa = PBXGroup;
			children = (
				A0E923DA1F469C2D0094E9F6 /* MJExtension.h */,
				A0E923DB1F469C2D0094E9F6 /* MJExtensionConst.h */,
				A0E923DC1F469C2D0094E9F6 /* MJExtensionConst.m */,
				A0E923DD1F469C2D0094E9F6 /* MJFoundation.h */,
				A0E923DE1F469C2D0094E9F6 /* MJFoundation.m */,
				A0E923DF1F469C2D0094E9F6 /* MJProperty.h */,
				A0E923E01F469C2D0094E9F6 /* MJProperty.m */,
				A0E923E11F469C2D0094E9F6 /* MJPropertyKey.h */,
				A0E923E21F469C2D0094E9F6 /* MJPropertyKey.m */,
				A0E923E31F469C2D0094E9F6 /* MJPropertyType.h */,
				A0E923E41F469C2D0094E9F6 /* MJPropertyType.m */,
				A0E923E51F469C2D0094E9F6 /* NSObject+MJClass.h */,
				A0E923E61F469C2D0094E9F6 /* NSObject+MJClass.m */,
				A0E923E71F469C2D0094E9F6 /* NSObject+MJCoding.h */,
				A0E923E81F469C2D0094E9F6 /* NSObject+MJCoding.m */,
				A0E923E91F469C2D0094E9F6 /* NSObject+MJKeyValue.h */,
				A0E923EA1F469C2D0094E9F6 /* NSObject+MJKeyValue.m */,
				A0E923EB1F469C2D0094E9F6 /* NSObject+MJProperty.h */,
				A0E923EC1F469C2D0094E9F6 /* NSObject+MJProperty.m */,
				A0E923ED1F469C2D0094E9F6 /* NSString+MJExtension.h */,
				A0E923EE1F469C2D0094E9F6 /* NSString+MJExtension.m */,
			);
			path = MJExtension;
			sourceTree = "<group>";
		};
		A0ED982F1F456FC900AF8240 = {
			isa = PBXGroup;
			children = (
				A0ED983A1F456FC900AF8240 /* socket-tcp */,
				A0ED98541F456FC900AF8240 /* socket-tcpTests */,
				A0ED985F1F456FC900AF8240 /* socket-tcpUITests */,
				A0ED98391F456FC900AF8240 /* Products */,
				EE81DB3E1FB2D33387786E26 /* Pods */,
				1E8178AB3F9BE790EAF4DA7C /* Frameworks */,
			);
			sourceTree = "<group>";
		};
		A0ED98391F456FC900AF8240 /* Products */ = {
			isa = PBXGroup;
			children = (
				A0ED98381F456FC900AF8240 /* socket-tcp.app */,
				A0ED98511F456FC900AF8240 /* socket-tcpTests.xctest */,
				A0ED985C1F456FC900AF8240 /* socket-tcpUITests.xctest */,
			);
			name = Products;
			sourceTree = "<group>";
		};
		A0ED983A1F456FC900AF8240 /* socket-tcp */ = {
			isa = PBXGroup;
			children = (
				A0E923D91F469C2D0094E9F6 /* MJExtension */,
				A0E923C21F4689680094E9F6 /* FlatBuffers-ObjC */,
				A0ED983E1F456FC900AF8240 /* AppDelegate.h */,
				A0ED983F1F456FC900AF8240 /* AppDelegate.m */,
				A0ED98411F456FC900AF8240 /* ViewController.h */,
				A0ED98421F456FC900AF8240 /* ViewController.m */,
				A0E923D11F468E230094E9F6 /* NSData+Util.h */,
				A0E923D21F468E230094E9F6 /* NSData+Util.m */,
				A0E921681F4688420094E9F6 /* ServerInfo.h */,
				A0E921691F4688420094E9F6 /* ServerInfo.m */,
				A0E923CE1F4689C30094E9F6 /* Err.h */,
				A0E923CF1F4689C30094E9F6 /* Err.m */,
				A0E923F91F46C9E90094E9F6 /* Login.h */,
				A0E923FA1F46C9E90094E9F6 /* Login.m */,
				A0E923FC1F46D1840094E9F6 /* QtiExamResultQuestion.h */,
				A0E923FD1F46D1840094E9F6 /* QtiExamResultQuestion.m */,
				A059A1961F4A681A00A459B4 /* QtiExamStudentSheet.h */,
				A059A1971F4A681A00A459B4 /* QtiExamStudentSheet.m */,
				A0F6F82C1F7DD4CF0073E86F /* QtiExamList.h */,
				A0F6F82B1F7DD4CF0073E86F /* QtiExamList.m */,
				A0E923D71F4690000094E9F6 /* FBConfig.plist */,
				A0ED98441F456FC900AF8240 /* Main.storyboard */,
				A0ED98471F456FC900AF8240 /* Assets.xcassets */,
				A0ED98491F456FC900AF8240 /* LaunchScreen.storyboard */,
				A0ED984C1F456FC900AF8240 /* Info.plist */,
				A0ED983B1F456FC900AF8240 /* Supporting Files */,
			);
			path = "socket-tcp";
			sourceTree = "<group>";
		};
		A0ED983B1F456FC900AF8240 /* Supporting Files */ = {
			isa = PBXGroup;
			children = (
				A0ED983C1F456FC900AF8240 /* main.m */,
			);
			name = "Supporting Files";
			sourceTree = "<group>";
		};
		A0ED98541F456FC900AF8240 /* socket-tcpTests */ = {
			isa = PBXGroup;
			children = (
				A0ED98551F456FC900AF8240 /* socket_tcpTests.m */,
				A0ED98571F456FC900AF8240 /* Info.plist */,
			);
			path = "socket-tcpTests";
			sourceTree = "<group>";
		};
		A0ED985F1F456FC900AF8240 /* socket-tcpUITests */ = {
			isa = PBXGroup;
			children = (
				A0ED98601F456FC900AF8240 /* socket_tcpUITests.m */,
				A0ED98621F456FC900AF8240 /* Info.plist */,
			);
			path = "socket-tcpUITests";
			sourceTree = "<group>";
		};
		EE81DB3E1FB2D33387786E26 /* Pods */ = {
			isa = PBXGroup;
			children = (
				933AACDAFBB7A45073145201 /* Pods-socket-tcp.debug.xcconfig */,
				252D7FDB170887C8911E9E14 /* Pods-socket-tcp.release.xcconfig */,
			);
			name = Pods;
			sourceTree = "<group>";
		};
/* End PBXGroup section */

/* Begin PBXNativeTarget section */
		A0ED98371F456FC900AF8240 /* socket-tcp */ = {
			isa = PBXNativeTarget;
			buildConfigurationList = A0ED98651F456FC900AF8240 /* Build configuration list for PBXNativeTarget "socket-tcp" */;
			buildPhases = (
				D32FB4B97AACC181FF018B17 /* [CP] Check Pods Manifest.lock */,
				A0ED98341F456FC900AF8240 /* Sources */,
				A0ED98351F456FC900AF8240 /* Frameworks */,
				A0ED98361F456FC900AF8240 /* Resources */,
				FDBE72E63BF9D5FEAC1CE841 /* [CP] Embed Pods Frameworks */,
				1BE7F75D94C6874DAAC779AF /* [CP] Copy Pods Resources */,
			);
			buildRules = (
			);
			dependencies = (
			);
			name = "socket-tcp";
			productName = "socket-tcp";
			productReference = A0ED98381F456FC900AF8240 /* socket-tcp.app */;
			productType = "com.apple.product-type.application";
		};
		A0ED98501F456FC900AF8240 /* socket-tcpTests */ = {
			isa = PBXNativeTarget;
			buildConfigurationList = A0ED98681F456FC900AF8240 /* Build configuration list for PBXNativeTarget "socket-tcpTests" */;
			buildPhases = (
				A0ED984D1F456FC900AF8240 /* Sources */,
				A0ED984E1F456FC900AF8240 /* Frameworks */,
				A0ED984F1F456FC900AF8240 /* Resources */,
			);
			buildRules = (
			);
			dependencies = (
				A0ED98531F456FC900AF8240 /* PBXTargetDependency */,
			);
			name = "socket-tcpTests";
			productName = "socket-tcpTests";
			productReference = A0ED98511F456FC900AF8240 /* socket-tcpTests.xctest */;
			productType = "com.apple.product-type.bundle.unit-test";
		};
		A0ED985B1F456FC900AF8240 /* socket-tcpUITests */ = {
			isa = PBXNativeTarget;
			buildConfigurationList = A0ED986B1F456FC900AF8240 /* Build configuration list for PBXNativeTarget "socket-tcpUITests" */;
			buildPhases = (
				A0ED98581F456FC900AF8240 /* Sources */,
				A0ED98591F456FC900AF8240 /* Frameworks */,
				A0ED985A1F456FC900AF8240 /* Resources */,
			);
			buildRules = (
			);
			dependencies = (
				A0ED985E1F456FC900AF8240 /* PBXTargetDependency */,
			);
			name = "socket-tcpUITests";
			productName = "socket-tcpUITests";
			productReference = A0ED985C1F456FC900AF8240 /* socket-tcpUITests.xctest */;
			productType = "com.apple.product-type.bundle.ui-testing";
		};
/* End PBXNativeTarget section */

/* Begin PBXProject section */
		A0ED98301F456FC900AF8240 /* Project object */ = {
			isa = PBXProject;
			attributes = {
				LastUpgradeCheck = 0830;
				ORGANIZATIONNAME = sjhz;
				TargetAttributes = {
					A0ED98371F456FC900AF8240 = {
						CreatedOnToolsVersion = 8.3.3;
						DevelopmentTeam = A7Q9L6EB2H;
						ProvisioningStyle = Automatic;
					};
					A0ED98501F456FC900AF8240 = {
						CreatedOnToolsVersion = 8.3.3;
						DevelopmentTeam = A7Q9L6EB2H;
						ProvisioningStyle = Automatic;
						TestTargetID = A0ED98371F456FC900AF8240;
					};
					A0ED985B1F456FC900AF8240 = {
						CreatedOnToolsVersion = 8.3.3;
						DevelopmentTeam = A7Q9L6EB2H;
						ProvisioningStyle = Automatic;
						TestTargetID = A0ED98371F456FC900AF8240;
					};
				};
			};
			buildConfigurationList = A0ED98331F456FC900AF8240 /* Build configuration list for PBXProject "socket-tcp" */;
			compatibilityVersion = "Xcode 3.2";
			developmentRegion = English;
			hasScannedForEncodings = 0;
			knownRegions = (
				en,
				Base,
			);
			mainGroup = A0ED982F1F456FC900AF8240;
			productRefGroup = A0ED98391F456FC900AF8240 /* Products */;
			projectDirPath = "";
			projectRoot = "";
			targets = (
				A0ED98371F456FC900AF8240 /* socket-tcp */,
				A0ED98501F456FC900AF8240 /* socket-tcpTests */,
				A0ED985B1F456FC900AF8240 /* socket-tcpUITests */,
			);
		};
/* End PBXProject section */

/* Begin PBXResourcesBuildPhase section */
		A0ED98361F456FC900AF8240 /* Resources */ = {
			isa = PBXResourcesBuildPhase;
			buildActionMask = 2147483647;
			files = (
				A0ED984B1F456FC900AF8240 /* LaunchScreen.storyboard in Resources */,
				A0ED98481F456FC900AF8240 /* Assets.xcassets in Resources */,
				A0E923D81F4690000094E9F6 /* FBConfig.plist in Resources */,
				A0ED98461F456FC900AF8240 /* Main.storyboard in Resources */,
			);
			runOnlyForDeploymentPostprocessing = 0;
		};
		A0ED984F1F456FC900AF8240 /* Resources */ = {
			isa = PBXResourcesBuildPhase;
			buildActionMask = 2147483647;
			files = (
			);
			runOnlyForDeploymentPostprocessing = 0;
		};
		A0ED985A1F456FC900AF8240 /* Resources */ = {
			isa = PBXResourcesBuildPhase;
			buildActionMask = 2147483647;
			files = (
			);
			runOnlyForDeploymentPostprocessing = 0;
		};
/* End PBXResourcesBuildPhase section */

/* Begin PBXShellScriptBuildPhase section */
		1BE7F75D94C6874DAAC779AF /* [CP] Copy Pods Resources */ = {
			isa = PBXShellScriptBuildPhase;
			buildActionMask = 2147483647;
			files = (
			);
			inputPaths = (
			);
			name = "[CP] Copy Pods Resources";
			outputPaths = (
			);
			runOnlyForDeploymentPostprocessing = 0;
			shellPath = /bin/sh;
			shellScript = "\"${SRCROOT}/Pods/Target Support Files/Pods-socket-tcp/Pods-socket-tcp-resources.sh\"\n";
			showEnvVarsInLog = 0;
		};
		D32FB4B97AACC181FF018B17 /* [CP] Check Pods Manifest.lock */ = {
			isa = PBXShellScriptBuildPhase;
			buildActionMask = 2147483647;
			files = (
			);
			inputPaths = (
			);
			name = "[CP] Check Pods Manifest.lock";
			outputPaths = (
			);
			runOnlyForDeploymentPostprocessing = 0;
			shellPath = /bin/sh;
			shellScript = "diff \"${PODS_ROOT}/../Podfile.lock\" \"${PODS_ROOT}/Manifest.lock\" > /dev/null\nif [ $? != 0 ] ; then\n    # print error to STDERR\n    echo \"error: The sandbox is not in sync with the Podfile.lock. Run 'pod install' or update your CocoaPods installation.\" >&2\n    exit 1\nfi\n";
			showEnvVarsInLog = 0;
		};
		FDBE72E63BF9D5FEAC1CE841 /* [CP] Embed Pods Frameworks */ = {
			isa = PBXShellScriptBuildPhase;
			buildActionMask = 2147483647;
			files = (
			);
			inputPaths = (
			);
			name = "[CP] Embed Pods Frameworks";
			outputPaths = (
			);
			runOnlyForDeploymentPostprocessing = 0;
			shellPath = /bin/sh;
			shellScript = "\"${SRCROOT}/Pods/Target Support Files/Pods-socket-tcp/Pods-socket-tcp-frameworks.sh\"\n";
			showEnvVarsInLog = 0;
		};
/* End PBXShellScriptBuildPhase section */

/* Begin PBXSourcesBuildPhase section */
		A0ED98341F456FC900AF8240 /* Sources */ = {
			isa = PBXSourcesBuildPhase;
			buildActionMask = 2147483647;
			files = (
				A0F6F82D1F7DD4D00073E86F /* QtiExamList.m in Sources */,
				A0E923D01F4689C30094E9F6 /* Err.m in Sources */,
				A059A1981F4A681A00A459B4 /* QtiExamStudentSheet.m in Sources */,
				A0E923FB1F46C9E90094E9F6 /* Login.m in Sources */,
				A0E923F61F469C2E0094E9F6 /* NSObject+MJKeyValue.m in Sources */,
				A0ED98431F456FC900AF8240 /* ViewController.m in Sources */,
				A0ED98401F456FC900AF8240 /* AppDelegate.m in Sources */,
				A0E923EF1F469C2D0094E9F6 /* MJExtensionConst.m in Sources */,
				A0E923D31F468E230094E9F6 /* NSData+Util.m in Sources */,
				A0E923F71F469C2E0094E9F6 /* NSObject+MJProperty.m in Sources */,
				A0E923F41F469C2E0094E9F6 /* NSObject+MJClass.m in Sources */,
				A0E9216A1F4688420094E9F6 /* ServerInfo.m in Sources */,
				A0E923F21F469C2E0094E9F6 /* MJPropertyKey.m in Sources */,
				A0E923F01F469C2D0094E9F6 /* MJFoundation.m in Sources */,
				A0E923F31F469C2E0094E9F6 /* MJPropertyType.m in Sources */,
				A0E923CD1F4689680094E9F6 /* FBTable.m in Sources */,
				A0E923FE1F46D1840094E9F6 /* QtiExamResultQuestion.m in Sources */,
				A0E923F11F469C2E0094E9F6 /* MJProperty.m in Sources */,
				A0E923CB1F4689680094E9F6 /* FBMutableArray.m in Sources */,
				A0E923F51F469C2E0094E9F6 /* NSObject+MJCoding.m in Sources */,
				A0E923F81F469C2E0094E9F6 /* NSString+MJExtension.m in Sources */,
				A0E923CC1F4689680094E9F6 /* FBMutableData.m in Sources */,
				A0ED983D1F456FC900AF8240 /* main.m in Sources */,
				A0E923D61F468EA40094E9F6 /* YMSocketUtils.m in Sources */,
			);
			runOnlyForDeploymentPostprocessing = 0;
		};
		A0ED984D1F456FC900AF8240 /* Sources */ = {
			isa = PBXSourcesBuildPhase;
			buildActionMask = 2147483647;
			files = (
				A0ED98561F456FC900AF8240 /* socket_tcpTests.m in Sources */,
			);
			runOnlyForDeploymentPostprocessing = 0;
		};
		A0ED98581F456FC900AF8240 /* Sources */ = {
			isa = PBXSourcesBuildPhase;
			buildActionMask = 2147483647;
			files = (
				A0ED98611F456FC900AF8240 /* socket_tcpUITests.m in Sources */,
			);
			runOnlyForDeploymentPostprocessing = 0;
		};
/* End PBXSourcesBuildPhase section */

/* Begin PBXTargetDependency section */
		A0ED98531F456FC900AF8240 /* PBXTargetDependency */ = {
			isa = PBXTargetDependency;
			target = A0ED98371F456FC900AF8240 /* socket-tcp */;
			targetProxy = A0ED98521F456FC900AF8240 /* PBXContainerItemProxy */;
		};
		A0ED985E1F456FC900AF8240 /* PBXTargetDependency */ = {
			isa = PBXTargetDependency;
			target = A0ED98371F456FC900AF8240 /* socket-tcp */;
			targetProxy = A0ED985D1F456FC900AF8240 /* PBXContainerItemProxy */;
		};
/* End PBXTargetDependency section */

/* Begin PBXVariantGroup section */
		A0ED98441F456FC900AF8240 /* Main.storyboard */ = {
			isa = PBXVariantGroup;
			children = (
				A0ED98451F456FC900AF8240 /* Base */,
			);
			name = Main.storyboard;
			sourceTree = "<group>";
		};
		A0ED98491F456FC900AF8240 /* LaunchScreen.storyboard */ = {
			isa = PBXVariantGroup;
			children = (
				A0ED984A1F456FC900AF8240 /* Base */,
			);
			name = LaunchScreen.storyboard;
			sourceTree = "<group>";
		};
/* End PBXVariantGroup section */

/* Begin XCBuildConfiguration section */
		A0ED98631F456FC900AF8240 /* Debug */ = {
			isa = XCBuildConfiguration;
			buildSettings = {
				ALWAYS_SEARCH_USER_PATHS = NO;
				CLANG_ANALYZER_NONNULL = YES;
				CLANG_ANALYZER_NUMBER_OBJECT_CONVERSION = YES_AGGRESSIVE;
				CLANG_CXX_LANGUAGE_STANDARD = "gnu++0x";
				CLANG_CXX_LIBRARY = "libc++";
				CLANG_ENABLE_MODULES = YES;
				CLANG_ENABLE_OBJC_ARC = YES;
				CLANG_WARN_BOOL_CONVERSION = YES;
				CLANG_WARN_CONSTANT_CONVERSION = YES;
				CLANG_WARN_DIRECT_OBJC_ISA_USAGE = YES_ERROR;
				CLANG_WARN_DOCUMENTATION_COMMENTS = YES;
				CLANG_WARN_EMPTY_BODY = YES;
				CLANG_WARN_ENUM_CONVERSION = YES;
				CLANG_WARN_INFINITE_RECURSION = YES;
				CLANG_WARN_INT_CONVERSION = YES;
				CLANG_WARN_OBJC_ROOT_CLASS = YES_ERROR;
				CLANG_WARN_SUSPICIOUS_MOVE = YES;
				CLANG_WARN_UNREACHABLE_CODE = YES;
				CLANG_WARN__DUPLICATE_METHOD_MATCH = YES;
				"CODE_SIGN_IDENTITY[sdk=iphoneos*]" = "iPhone Developer";
				COPY_PHASE_STRIP = NO;
				DEBUG_INFORMATION_FORMAT = dwarf;
				ENABLE_STRICT_OBJC_MSGSEND = YES;
				ENABLE_TESTABILITY = YES;
				GCC_C_LANGUAGE_STANDARD = gnu99;
				GCC_DYNAMIC_NO_PIC = NO;
				GCC_NO_COMMON_BLOCKS = YES;
				GCC_OPTIMIZATION_LEVEL = 0;
				GCC_PREPROCESSOR_DEFINITIONS = (
					"DEBUG=1",
					"$(inherited)",
				);
				GCC_WARN_64_TO_32_BIT_CONVERSION = YES;
				GCC_WARN_ABOUT_RETURN_TYPE = YES_ERROR;
				GCC_WARN_UNDECLARED_SELECTOR = YES;
				GCC_WARN_UNINITIALIZED_AUTOS = YES_AGGRESSIVE;
				GCC_WARN_UNUSED_FUNCTION = YES;
				GCC_WARN_UNUSED_VARIABLE = YES;
				IPHONEOS_DEPLOYMENT_TARGET = 10.3;
				MTL_ENABLE_DEBUG_INFO = YES;
				ONLY_ACTIVE_ARCH = YES;
				SDKROOT = iphoneos;
				TARGETED_DEVICE_FAMILY = "1,2";
			};
			name = Debug;
		};
		A0ED98641F456FC900AF8240 /* Release */ = {
			isa = XCBuildConfiguration;
			buildSettings = {
				ALWAYS_SEARCH_USER_PATHS = NO;
				CLANG_ANALYZER_NONNULL = YES;
				CLANG_ANALYZER_NUMBER_OBJECT_CONVERSION = YES_AGGRESSIVE;
				CLANG_CXX_LANGUAGE_STANDARD = "gnu++0x";
				CLANG_CXX_LIBRARY = "libc++";
				CLANG_ENABLE_MODULES = YES;
				CLANG_ENABLE_OBJC_ARC = YES;
				CLANG_WARN_BOOL_CONVERSION = YES;
				CLANG_WARN_CONSTANT_CONVERSION = YES;
				CLANG_WARN_DIRECT_OBJC_ISA_USAGE = YES_ERROR;
				CLANG_WARN_DOCUMENTATION_COMMENTS = YES;
				CLANG_WARN_EMPTY_BODY = YES;
				CLANG_WARN_ENUM_CONVERSION = YES;
				CLANG_WARN_INFINITE_RECURSION = YES;
				CLANG_WARN_INT_CONVERSION = YES;
				CLANG_WARN_OBJC_ROOT_CLASS = YES_ERROR;
				CLANG_WARN_SUSPICIOUS_MOVE = YES;
				CLANG_WARN_UNREACHABLE_CODE = YES;
				CLANG_WARN__DUPLICATE_METHOD_MATCH = YES;
				"CODE_SIGN_IDENTITY[sdk=iphoneos*]" = "iPhone Developer";
				COPY_PHASE_STRIP = NO;
				DEBUG_INFORMATION_FORMAT = "dwarf-with-dsym";
				ENABLE_NS_ASSERTIONS = NO;
				ENABLE_STRICT_OBJC_MSGSEND = YES;
				GCC_C_LANGUAGE_STANDARD = gnu99;
				GCC_NO_COMMON_BLOCKS = YES;
				GCC_WARN_64_TO_32_BIT_CONVERSION = YES;
				GCC_WARN_ABOUT_RETURN_TYPE = YES_ERROR;
				GCC_WARN_UNDECLARED_SELECTOR = YES;
				GCC_WARN_UNINITIALIZED_AUTOS = YES_AGGRESSIVE;
				GCC_WARN_UNUSED_FUNCTION = YES;
				GCC_WARN_UNUSED_VARIABLE = YES;
				IPHONEOS_DEPLOYMENT_TARGET = 10.3;
				MTL_ENABLE_DEBUG_INFO = NO;
				SDKROOT = iphoneos;
				TARGETED_DEVICE_FAMILY = "1,2";
				VALIDATE_PRODUCT = YES;
			};
			name = Release;
		};
		A0ED98661F456FC900AF8240 /* Debug */ = {
			isa = XCBuildConfiguration;
			baseConfigurationReference = 933AACDAFBB7A45073145201 /* Pods-socket-tcp.debug.xcconfig */;
			buildSettings = {
				ASSETCATALOG_COMPILER_APPICON_NAME = AppIcon;
				DEVELOPMENT_TEAM = A7Q9L6EB2H;
				INFOPLIST_FILE = "socket-tcp/Info.plist";
				LD_RUNPATH_SEARCH_PATHS = "$(inherited) @executable_path/Frameworks";
				PRODUCT_BUNDLE_IDENTIFIER = "sjhz.socket-tcp";
				PRODUCT_NAME = "$(TARGET_NAME)";
			};
			name = Debug;
		};
		A0ED98671F456FC900AF8240 /* Release */ = {
			isa = XCBuildConfiguration;
			baseConfigurationReference = 252D7FDB170887C8911E9E14 /* Pods-socket-tcp.release.xcconfig */;
			buildSettings = {
				ASSETCATALOG_COMPILER_APPICON_NAME = AppIcon;
				DEVELOPMENT_TEAM = A7Q9L6EB2H;
				INFOPLIST_FILE = "socket-tcp/Info.plist";
				LD_RUNPATH_SEARCH_PATHS = "$(inherited) @executable_path/Frameworks";
				PRODUCT_BUNDLE_IDENTIFIER = "sjhz.socket-tcp";
				PRODUCT_NAME = "$(TARGET_NAME)";
			};
			name = Release;
		};
		A0ED98691F456FC900AF8240 /* Debug */ = {
			isa = XCBuildConfiguration;
			buildSettings = {
				BUNDLE_LOADER = "$(TEST_HOST)";
				DEVELOPMENT_TEAM = A7Q9L6EB2H;
				INFOPLIST_FILE = "socket-tcpTests/Info.plist";
				LD_RUNPATH_SEARCH_PATHS = "$(inherited) @executable_path/Frameworks @loader_path/Frameworks";
				PRODUCT_BUNDLE_IDENTIFIER = "sjhz.socket-tcpTests";
				PRODUCT_NAME = "$(TARGET_NAME)";
				TEST_HOST = "$(BUILT_PRODUCTS_DIR)/socket-tcp.app/socket-tcp";
			};
			name = Debug;
		};
		A0ED986A1F456FC900AF8240 /* Release */ = {
			isa = XCBuildConfiguration;
			buildSettings = {
				BUNDLE_LOADER = "$(TEST_HOST)";
				DEVELOPMENT_TEAM = A7Q9L6EB2H;
				INFOPLIST_FILE = "socket-tcpTests/Info.plist";
				LD_RUNPATH_SEARCH_PATHS = "$(inherited) @executable_path/Frameworks @loader_path/Frameworks";
				PRODUCT_BUNDLE_IDENTIFIER = "sjhz.socket-tcpTests";
				PRODUCT_NAME = "$(TARGET_NAME)";
				TEST_HOST = "$(BUILT_PRODUCTS_DIR)/socket-tcp.app/socket-tcp";
			};
			name = Release;
		};
		A0ED986C1F456FC900AF8240 /* Debug */ = {
			isa = XCBuildConfiguration;
			buildSettings = {
				DEVELOPMENT_TEAM = A7Q9L6EB2H;
				INFOPLIST_FILE = "socket-tcpUITests/Info.plist";
				LD_RUNPATH_SEARCH_PATHS = "$(inherited) @executable_path/Frameworks @loader_path/Frameworks";
				PRODUCT_BUNDLE_IDENTIFIER = "sjhz.socket-tcpUITests";
				PRODUCT_NAME = "$(TARGET_NAME)";
				TEST_TARGET_NAME = "socket-tcp";
			};
			name = Debug;
		};
		A0ED986D1F456FC900AF8240 /* Release */ = {
			isa = XCBuildConfiguration;
			buildSettings = {
				DEVELOPMENT_TEAM = A7Q9L6EB2H;
				INFOPLIST_FILE = "socket-tcpUITests/Info.plist";
				LD_RUNPATH_SEARCH_PATHS = "$(inherited) @executable_path/Frameworks @loader_path/Frameworks";
				PRODUCT_BUNDLE_IDENTIFIER = "sjhz.socket-tcpUITests";
				PRODUCT_NAME = "$(TARGET_NAME)";
				TEST_TARGET_NAME = "socket-tcp";
			};
			name = Release;
		};
/* End XCBuildConfiguration section */

/* Begin XCConfigurationList section */
		A0ED98331F456FC900AF8240 /* Build configuration list for PBXProject "socket-tcp" */ = {
			isa = XCConfigurationList;
			buildConfigurations = (
				A0ED98631F456FC900AF8240 /* Debug */,
				A0ED98641F456FC900AF8240 /* Release */,
			);
			defaultConfigurationIsVisible = 0;
			defaultConfigurationName = Release;
		};
		A0ED98651F456FC900AF8240 /* Build configuration list for PBXNativeTarget "socket-tcp" */ = {
			isa = XCConfigurationList;
			buildConfigurations = (
				A0ED98661F456FC900AF8240 /* Debug */,
				A0ED98671F456FC900AF8240 /* Release */,
			);
			defaultConfigurationIsVisible = 0;
			defaultConfigurationName = Release;
		};
		A0ED98681F456FC900AF8240 /* Build configuration list for PBXNativeTarget "socket-tcpTests" */ = {
			isa = XCConfigurationList;
			buildConfigurations = (
				A0ED98691F456FC900AF8240 /* Debug */,
				A0ED986A1F456FC900AF8240 /* Release */,
			);
			defaultConfigurationIsVisible = 0;
			defaultConfigurationName = Release;
		};
		A0ED986B1F456FC900AF8240 /* Build configuration list for PBXNativeTarget "socket-tcpUITests" */ = {
			isa = XCConfigurationList;
			buildConfigurations = (
				A0ED986C1F456FC900AF8240 /* Debug */,
				A0ED986D1F456FC900AF8240 /* Release */,
			);
			defaultConfigurationIsVisible = 0;
			defaultConfigurationName = Release;
		};
/* End XCConfigurationList section */
	};
	rootObject = A0ED98301F456FC900AF8240 /* Project object */;
}
